github.com/Nigel2392/jsext v0.0.0-20221222234708-594d20ec35ea h1:PfNy08qUfPfDuFb4z7cyGxMzRWUJJrdbbKhZXgQXwUs=
github.com/Nigel2392/jsext v0.0.0-20221222234708-594d20ec35ea/go.mod h1:/tdccp1JXRFZ5WKhc2wwSUD6MWWcJSXLzIMbyFWwp1o=
github.com/Nigel2392/jsext v0.0.0-20221223064504-9b5c6ce31a81 h1:6AhqQSLeqAU9KUw5p/1a9kzOMFlQlKq/lJTGI5sc9Gs=
github.com/Nigel2392/jsext v0.0.0-20221223064504-9b5c6ce31a81/go.mod h1:/tdccp1JXRFZ5WKhc2wwSUD6MWWcJSXLzIMbyFWwp1o=
